
Microsoft Visual Studio Solution File, Format Version 12.00
# Visual Studio Version 17
VisualStudioVersion = 17.8.34330.188
MinimumVisualStudioVersion = 10.0.40219.1
Project("{FAE04EC0-301F-11D3-BF4B-00C04F79EFBC}") = "AgencyManager", "AgencyManager.csproj", "{0AEB0C29-0003-4036-AF4C-FDA816A726C4}"
EndProject
Global
	GlobalSection(SolutionConfigurationPlatforms) = preSolution
		Debug|Any CPU = Debug|Any CPU
		Release|Any CPU = Release|Any CPU
	EndGlobalSection
	GlobalSection(ProjectConfigurationPlatforms) = postSolution
		{0AEB0C29-0003-4036-AF4C-FDA816A726C4}.Debug|Any CPU.ActiveCfg = Debug|Any CPU
		{0AEB0C29-0003-4036-AF4C-FDA816A726C4}.Debug|Any CPU.Build.0 = Debug|Any CPU
		{0AEB0C29-0003-4036-AF4C-FDA816A726C4}.Release|Any CPU.ActiveCfg = Release|Any CPU
		{0AEB0C29-0003-4036-AF4C-FDA816A726C4}.Release|Any CPU.Build.0 = Release|Any CPU
	EndGlobalSection
	GlobalSection(SolutionProperties) = preSolution
		HideSolutionNode = FALSE
	EndGlobalSection
	GlobalSection(ExtensibilityGlobals) = postSolution
		SolutionGuid = {E0EF31A9-F1FD-45FC-AB67-CDE19C91E664}
	EndGlobalSection
EndGlobal
